Microsoft Visual Studio Solution File, Format Version 12.00
# Visual Studio Version 17
VisualStudioVersion = 17.5.2.0
MinimumVisualStudioVersion = 10.0.40219.1
Project("{FAE04EC0-301F-11D3-BF4B-00C04F79EFBC}") = "HOS04_MethodsScope", "HOS04_MethodsScope.csproj", "{68A4611A-7B45-C361-9ACA-AC542BE86998}"
EndProject
Global
	GlobalSection(SolutionConfigurationPlatforms) = preSolution
		Debug|Any CPU = Debug|Any CPU
		Release|Any CPU = Release|Any CPU
	EndGlobalSection
	GlobalSection(ProjectConfigurationPlatforms) = postSolution
		{68A4611A-7B45-C361-9ACA-AC542BE86998}.Debug|Any CPU.ActiveCfg = Debug|Any CPU
		{68A4611A-7B45-C361-9ACA-AC542BE86998}.Debug|Any CPU.Build.0 = Debug|Any CPU
		{68A4611A-7B45-C361-9ACA-AC542BE86998}.Release|Any CPU.ActiveCfg = Release|Any CPU
		{68A4611A-7B45-C361-9ACA-AC542BE86998}.Release|Any CPU.Build.0 = Release|Any CPU
	EndGlobalSection
	GlobalSection(SolutionProperties) = preSolution
		HideSolutionNode = FALSE
	EndGlobalSection
	GlobalSection(ExtensibilityGlobals) = postSolution
		SolutionGuid = {480C22A4-1227-4006-96E4-6425D7944906}
	EndGlobalSection
EndGlobal
